Microsoft Visual Studio Solution File, Format Version 12.00
# Visual Studio Version 17
VisualStudioVersion = 17.9.34701.34
MinimumVisualStudioVersion = 10.0.40219.1
Project("{FAE04EC0-301F-11D3-BF4B-00C04F79EFBC}") = "MedImage.Domain", "src\MedImage.Domain\MedImage.Domain.csproj", "{FA0DC20E-B424-41D6-997C-F78063959A40}"
EndProject
Project("{FAE04EC0-301F-11D3-BF4B-00C04F79EFBC}") = "MedImage.Infrastructure", "src\MedImage.Infrastructure\MedImage.Infrastructure.csproj", "{5BBFD92D-C8AA-4491-AF3C-45F2CDB493DF}"
EndProject
Project("{FAE04EC0-301F-11D3-BF4B-00C04F79EFBC}") = "MedImage.App", "src\MedImage.App\MedImage.App.csproj", "{65E2A675-FCA5-4ECE-80A5-93E3E4D0B8EA}"
EndProject
Global
	GlobalSection(SolutionConfigurationPlatforms) = preSolution
		Debug|Any CPU = Debug|Any CPU
		Release|Any CPU = Release|Any CPU
	EndGlobalSection
	GlobalSection(ProjectConfigurationPlatforms) = postSolution
		{FA0DC20E-B424-41D6-997C-F78063959A40}.Debug|Any CPU.ActiveCfg = Debug|Any CPU
		{FA0DC20E-B424-41D6-997C-F78063959A40}.Debug|Any CPU.Build.0 = Debug|Any CPU
		{FA0DC20E-B424-41D6-997C-F78063959A40}.Release|Any CPU.ActiveCfg = Release|Any CPU
		{FA0DC20E-B424-41D6-997C-F78063959A40}.Release|Any CPU.Build.0 = Release|Any CPU
		{5BBFD92D-C8AA-4491-AF3C-45F2CDB493DF}.Debug|Any CPU.ActiveCfg = Debug|Any CPU
		{5BBFD92D-C8AA-4491-AF3C-45F2CDB493DF}.Debug|Any CPU.Build.0 = Debug|Any CPU
		{5BBFD92D-C8AA-4491-AF3C-45F2CDB493DF}.Release|Any CPU.ActiveCfg = Release|Any CPU
		{5BBFD92D-C8AA-4491-AF3C-45F2CDB493DF}.Release|Any CPU.Build.0 = Release|Any CPU
		{65E2A675-FCA5-4ECE-80A5-93E3E4D0B8EA}.Debug|Any CPU.ActiveCfg = Debug|Any CPU
		{65E2A675-FCA5-4ECE-80A5-93E3E4D0B8EA}.Debug|Any CPU.Build.0 = Debug|Any CPU
		{65E2A675-FCA5-4ECE-80A5-93E3E4D0B8EA}.Release|Any CPU.ActiveCfg = Release|Any CPU
		{65E2A675-FCA5-4ECE-80A5-93E3E4D0B8EA}.Release|Any CPU.Build.0 = Release|Any CPU
	EndGlobalSection
	GlobalSection(SolutionProperties) = preSolution
		HideSolutionNode = FALSE
	EndGlobalSection
EndGlobal
